
Microsoft Visual Studio Solution File, Format Version 11.00
# Visual Studio 2010
Project("{FAE04EC0-301F-11D3-BF4B-00C04F79EFBC}") = "UrlReverse", "UrlReverse\UrlReverse.csproj", "{4D6D74A5-2C33-45B5-A6FE-C5DAB314E2A1}"
EndProject
Global
	GlobalSection(SolutionConfigurationPlatforms) = preSolution
		Debug|x86 = Debug|x86
		Release|x86 = Release|x86
	EndGlobalSection
	GlobalSection(ProjectConfigurationPlatforms) = postSolution
		{4D6D74A5-2C33-45B5-A6FE-C5DAB314E2A1}.Debug|x86.ActiveCfg = Debug|x86
		{4D6D74A5-2C33-45B5-A6FE-C5DAB314E2A1}.Debug|x86.Build.0 = Debug|x86
		{4D6D74A5-2C33-45B5-A6FE-C5DAB314E2A1}.Release|x86.ActiveCfg = Release|x86
		{4D6D74A5-2C33-45B5-A6FE-C5DAB314E2A1}.Release|x86.Build.0 = Release|x86
	EndGlobalSection
	GlobalSection(SolutionProperties) = preSolution
		HideSolutionNode = FALSE
	EndGlobalSection
EndGlobal
